// !$*UTF8*$!
{
	archiveVersion = 1;
	classes = {
	};
	objectVersion = 50;
	objects = {

/* Begin PBXBuildFile section */
		3A04401020E67CA8001CCA4F /* AppDelegate.swift in Sources */ = {isa = PBXBuildFile; fileRef = 3A04400F20E67CA8001CCA4F /* AppDelegate.swift */; };
		3A04401220E67CA8001CCA4F /* ViewController.swift in Sources */ = {isa = PBXBuildFile; fileRef = 3A04401120E67CA8001CCA4F /* ViewController.swift */; };
		3A04401520E67CA8001CCA4F /* Main.storyboard in Resources */ = {isa = PBXBuildFile; fileRef = 3A04401320E67CA8001CCA4F /* Main.storyboard */; };
		3A04401720E67CAA001CCA4F /* Assets.xcassets in Resources */ = {isa = PBXBuildFile; fileRef = 3A04401620E67CAA001CCA4F /* Assets.xcassets */; };
		3A04401A20E67CAA001CCA4F /* LaunchScreen.storyboard in Resources */ = {isa = PBXBuildFile; fileRef = 3A04401820E67CAA001CCA4F /* LaunchScreen.storyboard */; };
		52E9FF5D27866B58212EDC12 /* Pods_mauService.framework in Frameworks */ = {isa = PBXBuildFile; fileRef = 4C8C6607951437E272D557B6 /* Pods_mauService.framework */; };
		C610915220E6AF1D001EFF3C /* JSON.swift in Sources */ = {isa = PBXBuildFile; fileRef = C610915120E6AF1D001EFF3C /* JSON.swift */; };
		C610915620E6C33C001EFF3C /* PlacesTableViewCell.swift in Sources */ = {isa = PBXBuildFile; fileRef = C610915520E6C33C001EFF3C /* PlacesTableViewCell.swift */; };
		C610915C20E9C675001EFF3C /* mapViewController.swift in Sources */ = {isa = PBXBuildFile; fileRef = C610915B20E9C675001EFF3C /* mapViewController.swift */; };
/* End PBXBuildFile section */

/* Begin PBXFileReference section */
		3A04400C20E67CA8001CCA4F /* mauService.app */ = {isa = PBXFileReference; explicitFileType = wrapper.application; includeInIndex = 0; path = mauService.app; sourceTree = BUILT_PRODUCTS_DIR; };
		3A04400F20E67CA8001CCA4F /* AppDelegate.swift */ = {isa = PBXFileReference; lastKnownFileType = sourcecode.swift; path = AppDelegate.swift; sourceTree = "<group>"; };
		3A04401120E67CA8001CCA4F /* ViewController.swift */ = {isa = PBXFileReference; lastKnownFileType = sourcecode.swift; path = ViewController.swift; sourceTree = "<group>"; };
		3A04401420E67CA8001CCA4F /* Base */ = {isa = PBXFileReference; lastKnownFileType = file.storyboard; name = Base; path = Base.lproj/Main.storyboard; sourceTree = "<group>"; };
		3A04401620E67CAA001CCA4F /* Assets.xcassets */ = {isa = PBXFileReference; lastKnownFileType = folder.assetcatalog; path = Assets.xcassets; sourceTree = "<group>"; };
		3A04401920E67CAA001CCA4F /* Base */ = {isa = PBXFileReference; lastKnownFileType = file.storyboard; name = Base; path = Base.lproj/LaunchScreen.storyboard; sourceTree = "<group>"; };
		3A04401B20E67CAA001CCA4F /* Info.plist */ = {isa = PBXFileReference; lastKnownFileType = text.plist.xml; path = Info.plist; sourceTree = "<group>"; };
		42CAE9BDE50F441F76F3F70A /* Pods-mauService.release.xcconfig */ = {isa = PBXFileReference; includeInIndex = 1; lastKnownFileType = text.xcconfig; name = "Pods-mauService.release.xcconfig"; path = "Pods/Target Support Files/Pods-mauService/Pods-mauService.release.xcconfig"; sourceTree = "<group>"; };
		4C8C6607951437E272D557B6 /* Pods_mauService.framework */ = {isa = PBXFileReference; explicitFileType = wrapper.framework; includeInIndex = 0; path = Pods_mauService.framework; sourceTree = BUILT_PRODUCTS_DIR; };
		76E8FFE3AEE8822D8F331138 /* Pods-mauService.debug.xcconfig */ = {isa = PBXFileReference; includeInIndex = 1; lastKnownFileType = text.xcconfig; name = "Pods-mauService.debug.xcconfig"; path = "Pods/Target Support Files/Pods-mauService/Pods-mauService.debug.xcconfig"; sourceTree = "<group>"; };
		C610915120E6AF1D001EFF3C /* JSON.swift */ = {isa = PBXFileReference; lastKnownFileType = sourcecode.swift; path = JSON.swift; sourceTree = "<group>"; };
		C610915520E6C33C001EFF3C /* PlacesTableViewCell.swift */ = {isa = PBXFileReference; lastKnownFileType = sourcecode.swift; path = PlacesTableViewCell.swift; sourceTree = "<group>"; };
		C610915B20E9C675001EFF3C /* mapViewController.swift */ = {isa = PBXFileReference; lastKnownFileType = sourcecode.swift; path = mapViewController.swift; sourceTree = "<group>"; };
/* End PBXFileReference section */

/* Begin PBXFrameworksBuildPhase section */
		3A04400920E67CA8001CCA4F /* Frameworks */ = {
			isa = PBXFrameworksBuildPhase;
			buildActionMask = 2147483647;
			files = (
				52E9FF5D27866B58212EDC12 /* Pods_mauService.framework in Frameworks */,
			);
			runOnlyForDeploymentPostprocessing = 0;
		};
/* End PBXFrameworksBuildPhase section */

/* Begin PBXGroup section */
		3A04400320E67CA8001CCA4F = {
			isa = PBXGroup;
			children = (
				3A04400E20E67CA8001CCA4F /* mauService */,
				3A04400D20E67CA8001CCA4F /* Products */,
				50DB6B3D5F2C0BADE75DFFE3 /* Pods */,
				74658FD8816FA9432DBACCD0 /* Frameworks */,
			);
			sourceTree = "<group>";
		};
		3A04400D20E67CA8001CCA4F /* Products */ = {
			isa = PBXGroup;
			children = (
				3A04400C20E67CA8001CCA4F /* mauService.app */,
			);
			name = Products;
			sourceTree = "<group>";
		};
		3A04400E20E67CA8001CCA4F /* mauService */ = {
			isa = PBXGroup;
			children = (
				3A04400F20E67CA8001CCA4F /* AppDelegate.swift */,
				C610915120E6AF1D001EFF3C /* JSON.swift */,
				3A04401120E67CA8001CCA4F /* ViewController.swift */,
				3A04401320E67CA8001CCA4F /* Main.storyboard */,
				3A04401620E67CAA001CCA4F /* Assets.xcassets */,
				3A04401820E67CAA001CCA4F /* LaunchScreen.storyboard */,
				3A04401B20E67CAA001CCA4F /* Info.plist */,
				C610915520E6C33C001EFF3C /* PlacesTableViewCell.swift */,
				C610915B20E9C675001EFF3C /* mapViewController.swift */,
			);
			path = mauService;
			sourceTree = "<group>";
		};
		50DB6B3D5F2C0BADE75DFFE3 /* Pods */ = {
			isa = PBXGroup;
			children = (
				76E8FFE3AEE8822D8F331138 /* Pods-mauService.debug.xcconfig */,
				42CAE9BDE50F441F76F3F70A /* Pods-mauService.release.xcconfig */,
			);
			name = Pods;
			sourceTree = "<group>";
		};
		74658FD8816FA9432DBACCD0 /* Frameworks */ = {
			isa = PBXGroup;
			children = (
				4C8C6607951437E272D557B6 /* Pods_mauService.framework */,
			);
			name = Frameworks;
			sourceTree = "<group>";
		};
/* End PBXGroup section */

/* Begin PBXNativeTarget section */
		3A04400B20E67CA8001CCA4F /* mauService */ = {
			isa = PBXNativeTarget;
			buildConfigurationList = 3A04401E20E67CAA001CCA4F /* Build configuration list for PBXNativeTarget "mauService" */;
			buildPhases = (
				54A695461652A76027109999 /* [CP] Check Pods Manifest.lock */,
				3A04400820E67CA8001CCA4F /* Sources */,
				3A04400920E67CA8001CCA4F /* Frameworks */,
				3A04400A20E67CA8001CCA4F /* Resources */,
				31BA9068717F66382A588379 /* [CP] Embed Pods Frameworks */,
				B3C01045AF80D82BFE8237BB /* [CP] Copy Pods Resources */,
			);
			buildRules = (
			);
			dependencies = (
			);
			name = mauService;
			productName = mauService;
			productReference = 3A04400C20E67CA8001CCA4F /* mauService.app */;
			productType = "com.apple.product-type.application";
		};
/* End PBXNativeTarget section */

/* Begin PBXProject section */
		3A04400420E67CA8001CCA4F /* Project object */ = {
			isa = PBXProject;
			attributes = {
				LastSwiftUpdateCheck = 0940;
				LastUpgradeCheck = 0940;
				ORGANIZATIONNAME = "Rodolfo Benjamin Alcantara Solorio";
				TargetAttributes = {
					3A04400B20E67CA8001CCA4F = {
						CreatedOnToolsVersion = 9.4.1;
					};
				};
			};
			buildConfigurationList = 3A04400720E67CA8001CCA4F /* Build configuration list for PBXProject "mauService" */;
			compatibilityVersion = "Xcode 9.3";
			developmentRegion = en;
			hasScannedForEncodings = 0;
			knownRegions = (
				en,
				Base,
			);
			mainGroup = 3A04400320E67CA8001CCA4F;
			productRefGroup = 3A04400D20E67CA8001CCA4F /* Products */;
			projectDirPath = "";
			projectRoot = "";
			targets = (
				3A04400B20E67CA8001CCA4F /* mauService */,
			);
		};
/* End PBXProject section */

/* Begin PBXResourcesBuildPhase section */
		3A04400A20E67CA8001CCA4F /* Resources */ = {
			isa = PBXResourcesBuildPhase;
			buildActionMask = 2147483647;
			files = (
				3A04401A20E67CAA001CCA4F /* LaunchScreen.storyboard in Resources */,
				3A04401720E67CAA001CCA4F /* Assets.xcassets in Resources */,
				3A04401520E67CA8001CCA4F /* Main.storyboard in Resources */,
			);
			runOnlyForDeploymentPostprocessing = 0;
		};
/* End PBXResourcesBuildPhase section */

/* Begin PBXShellScriptBuildPhase section */
		31BA9068717F66382A588379 /* [CP] Embed Pods Frameworks */ = {
			isa = PBXShellScriptBuildPhase;
			buildActionMask = 2147483647;
			files = (
			);
			inputPaths = (
				"${SRCROOT}/Pods/Target Support Files/Pods-mauService/Pods-mauService-frameworks.sh",
				"${BUILT_PRODUCTS_DIR}/Alamofire/Alamofire.framework",
			);
			name = "[CP] Embed Pods Frameworks";
			outputPaths = (
				"${TARGET_BUILD_DIR}/${FRAMEWORKS_FOLDER_PATH}/Alamofire.framework",
			);
			runOnlyForDeploymentPostprocessing = 0;
			shellPath = /bin/sh;
			shellScript = "\"${SRCROOT}/Pods/Target Support Files/Pods-mauService/Pods-mauService-frameworks.sh\"\n";
			showEnvVarsInLog = 0;
		};
		54A695461652A76027109999 /* [CP] Check Pods Manifest.lock */ = {
			isa = PBXShellScriptBuildPhase;
			buildActionMask = 2147483647;
			files = (
			);
			inputPaths = (
				"${PODS_PODFILE_DIR_PATH}/Podfile.lock",
				"${PODS_ROOT}/Manifest.lock",
			);
			name = "[CP] Check Pods Manifest.lock";
			outputPaths = (
				"$(DERIVED_FILE_DIR)/Pods-mauService-checkManifestLockResult.txt",
			);
			runOnlyForDeploymentPostprocessing = 0;
			shellPath = /bin/sh;
			shellScript = "diff \"${PODS_PODFILE_DIR_PATH}/Podfile.lock\" \"${PODS_ROOT}/Manifest.lock\" > /dev/null\nif [ $? != 0 ] ; then\n    # print error to STDERR\n    echo \"error: The sandbox is not in sync with the Podfile.lock. Run 'pod install' or update your CocoaPods installation.\" >&2\n    exit 1\nfi\n# This output is used by Xcode 'outputs' to avoid re-running this script phase.\necho \"SUCCESS\" > \"${SCRIPT_OUTPUT_FILE_0}\"\n";
			showEnvVarsInLog = 0;
		};
		B3C01045AF80D82BFE8237BB /* [CP] Copy Pods Resources */ = {
			isa = PBXShellScriptBuildPhase;
			buildActionMask = 2147483647;
			files = (
			);
			inputPaths = (
			);
			name = "[CP] Copy Pods Resources";
			outputPaths = (
			);
			runOnlyForDeploymentPostprocessing = 0;
			shellPath = /bin/sh;
			shellScript = "\"${SRCROOT}/Pods/Target Support Files/Pods-mauService/Pods-mauService-resources.sh\"\n";
			showEnvVarsInLog = 0;
		};
/* End PBXShellScriptBuildPhase section */

/* Begin PBXSourcesBuildPhase section */
		3A04400820E67CA8001CCA4F /* Sources */ = {
			isa = PBXSourcesBuildPhase;
			buildActionMask = 2147483647;
			files = (
				C610915620E6C33C001EFF3C /* PlacesTableViewCell.swift in Sources */,
				C610915C20E9C675001EFF3C /* mapViewController.swift in Sources */,
				C610915220E6AF1D001EFF3C /* JSON.swift in Sources */,
				3A04401220E67CA8001CCA4F /* ViewController.swift in Sources */,
				3A04401020E67CA8001CCA4F /* AppDelegate.swift in Sources */,
			);
			runOnlyForDeploymentPostprocessing = 0;
		};
/* End PBXSourcesBuildPhase section */

/* Begin PBXVariantGroup section */
		3A04401320E67CA8001CCA4F /* Main.storyboard */ = {
			isa = PBXVariantGroup;
			children = (
				3A04401420E67CA8001CCA4F /* Base */,
			);
			name = Main.storyboard;
			sourceTree = "<group>";
		};
		3A04401820E67CAA001CCA4F /* LaunchScreen.storyboard */ = {
			isa = PBXVariantGroup;
			children = (
				3A04401920E67CAA001CCA4F /* Base */,
			);
			name = LaunchScreen.storyboard;
			sourceTree = "<group>";
		};
/* End PBXVariantGroup section */

/* Begin XCBuildConfiguration section */
		3A04401C20E67CAA001CCA4F /* Debug */ = {
			isa = XCBuildConfiguration;
			buildSettings = {
				ALWAYS_SEARCH_USER_PATHS = NO;
				CLANG_ANALYZER_NONNULL = YES;
				CLANG_ANALYZER_NUMBER_OBJECT_CONVERSION = YES_AGGRESSIVE;
				CLANG_CXX_LANGUAGE_STANDARD = "gnu++14";
				CLANG_CXX_LIBRARY = "libc++";
				CLANG_ENABLE_MODULES = YES;
				CLANG_ENABLE_OBJC_ARC = YES;
				CLANG_ENABLE_OBJC_WEAK = YES;
				CLANG_WARN_BLOCK_CAPTURE_AUTORELEASING = YES;
				CLANG_WARN_BOOL_CONVERSION = YES;
				CLANG_WARN_COMMA = YES;
				CLANG_WARN_CONSTANT_CONVERSION = YES;
				CLANG_WARN_DEPRECATED_OBJC_IMPLEMENTATIONS = YES;
				CLANG_WARN_DIRECT_OBJC_ISA_USAGE = YES_ERROR;
				CLANG_WARN_DOCUMENTATION_COMMENTS = YES;
				CLANG_WARN_EMPTY_BODY = YES;
				CLANG_WARN_ENUM_CONVERSION = YES;
				CLANG_WARN_INFINITE_RECURSION = YES;
				CLANG_WARN_INT_CONVERSION = YES;
				CLANG_WARN_NON_LITERAL_NULL_CONVERSION = YES;
				CLANG_WARN_OBJC_IMPLICIT_RETAIN_SELF = YES;
				CLANG_WARN_OBJC_LITERAL_CONVERSION = YES;
				CLANG_WARN_OBJC_ROOT_CLASS = YES_ERROR;
				CLANG_WARN_RANGE_LOOP_ANALYSIS = YES;
				CLANG_WARN_STRICT_PROTOTYPES = YES;
				CLANG_WARN_SUSPICIOUS_MOVE = YES;
				CLANG_WARN_UNGUARDED_AVAILABILITY = YES_AGGRESSIVE;
				CLANG_WARN_UNREACHABLE_CODE = YES;
				CLANG_WARN__DUPLICATE_METHOD_MATCH = YES;
				CODE_SIGN_IDENTITY = "iPhone Developer";
				COPY_PHASE_STRIP = NO;
				DEBUG_INFORMATION_FORMAT = dwarf;
				ENABLE_STRICT_OBJC_MSGSEND = YES;
				ENABLE_TESTABILITY = YES;
				GCC_C_LANGUAGE_STANDARD = gnu11;
				GCC_DYNAMIC_NO_PIC = NO;
				GCC_NO_COMMON_BLOCKS = YES;
				GCC_OPTIMIZATION_LEVEL = 0;
				GCC_PREPROCESSOR_DEFINITIONS = (
					"DEBUG=1",
					"$(inherited)",
				);
				GCC_WARN_64_TO_32_BIT_CONVERSION = YES;
				GCC_WARN_ABOUT_RETURN_TYPE = YES_ERROR;
				GCC_WARN_UNDECLARED_SELECTOR = YES;
				GCC_WARN_UNINITIALIZED_AUTOS = YES_AGGRESSIVE;
				GCC_WARN_UNUSED_FUNCTION = YES;
				GCC_WARN_UNUSED_VARIABLE = YES;
				IPHONEOS_DEPLOYMENT_TARGET = 11.4;
				MTL_ENABLE_DEBUG_INFO = YES;
				ONLY_ACTIVE_ARCH = YES;
				SDKROOT = iphoneos;
				SWIFT_ACTIVE_COMPILATION_CONDITIONS = DEBUG;
				SWIFT_OPTIMIZATION_LEVEL = "-Onone";
			};
			name = Debug;
		};
		3A04401D20E67CAA001CCA4F /* Release */ = {
			isa = XCBuildConfiguration;
			buildSettings = {
				ALWAYS_SEARCH_USER_PATHS = NO;
				CLANG_ANALYZER_NONNULL = YES;
				CLANG_ANALYZER_NUMBER_OBJECT_CONVERSION = YES_AGGRESSIVE;
				CLANG_CXX_LANGUAGE_STANDARD = "gnu++14";
				CLANG_CXX_LIBRARY = "libc++";
				CLANG_ENABLE_MODULES = YES;
				CLANG_ENABLE_OBJC_ARC = YES;
				CLANG_ENABLE_OBJC_WEAK = YES;
				CLANG_WARN_BLOCK_CAPTURE_AUTORELEASING = YES;
				CLANG_WARN_BOOL_CONVERSION = YES;
				CLANG_WARN_COMMA = YES;
				CLANG_WARN_CONSTANT_CONVERSION = YES;
				CLANG_WARN_DEPRECATED_OBJC_IMPLEMENTATIONS = YES;
				CLANG_WARN_DIRECT_OBJC_ISA_USAGE = YES_ERROR;
				CLANG_WARN_DOCUMENTATION_COMMENTS = YES;
				CLANG_WARN_EMPTY_BODY = YES;
				CLANG_WARN_ENUM_CONVERSION = YES;
				CLANG_WARN_INFINITE_RECURSION = YES;
				CLANG_WARN_INT_CONVERSION = YES;
				CLANG_WARN_NON_LITERAL_NULL_CONVERSION = YES;
				CLANG_WARN_OBJC_IMPLICIT_RETAIN_SELF = YES;
				CLANG_WARN_OBJC_LITERAL_CONVERSION = YES;
				CLANG_WARN_OBJC_ROOT_CLASS = YES_ERROR;
				CLANG_WARN_RANGE_LOOP_ANALYSIS = YES;
				CLANG_WARN_STRICT_PROTOTYPES = YES;
				CLANG_WARN_SUSPICIOUS_MOVE = YES;
				CLANG_WARN_UNGUARDED_AVAILABILITY = YES_AGGRESSIVE;
				CLANG_WARN_UNREACHABLE_CODE = YES;
				CLANG_WARN__DUPLICATE_METHOD_MATCH = YES;
				CODE_SIGN_IDENTITY = "iPhone Developer";
				COPY_PHASE_STRIP = NO;
				DEBUG_INFORMATION_FORMAT = "dwarf-with-dsym";
				ENABLE_NS_ASSERTIONS = NO;
				ENABLE_STRICT_OBJC_MSGSEND = YES;
				GCC_C_LANGUAGE_STANDARD = gnu11;
				GCC_NO_COMMON_BLOCKS = YES;
				GCC_WARN_64_TO_32_BIT_CONVERSION = YES;
				GCC_WARN_ABOUT_RETURN_TYPE = YES_ERROR;
				GCC_WARN_UNDECLARED_SELECTOR = YES;
				GCC_WARN_UNINITIALIZED_AUTOS = YES_AGGRESSIVE;
				GCC_WARN_UNUSED_FUNCTION = YES;
				GCC_WARN_UNUSED_VARIABLE = YES;
				IPHONEOS_DEPLOYMENT_TARGET = 11.4;
				MTL_ENABLE_DEBUG_INFO = NO;
				SDKROOT = iphoneos;
				SWIFT_COMPILATION_MODE = wholemodule;
				SWIFT_OPTIMIZATION_LEVEL = "-O";
				VALIDATE_PRODUCT = YES;
			};
			name = Release;
		};
		3A04401F20E67CAA001CCA4F /* Debug */ = {
			isa = XCBuildConfiguration;
			baseConfigurationReference = 76E8FFE3AEE8822D8F331138 /* Pods-mauService.debug.xcconfig */;
			buildSettings = {
				ASSETCATALOG_COMPILER_APPICON_NAME = AppIcon;
				CODE_SIGN_STYLE = Automatic;
				INFOPLIST_FILE = mauService/Info.plist;
				LD_RUNPATH_SEARCH_PATHS = (
					"$(inherited)",
					"@executable_path/Frameworks",
				);
				PRODUCT_BUNDLE_IDENTIFIER = rodolfo.mauService;
				PRODUCT_NAME = "$(TARGET_NAME)";
				SWIFT_VERSION = 4.0;
				TARGETED_DEVICE_FAMILY = "1,2";
			};
			name = Debug;
		};
		3A04402020E67CAA001CCA4F /* Release */ = {
			isa = XCBuildConfiguration;
			baseConfigurationReference = 42CAE9BDE50F441F76F3F70A /* Pods-mauService.release.xcconfig */;
			buildSettings = {
				ASSETCATALOG_COMPILER_APPICON_NAME = AppIcon;
				CODE_SIGN_STYLE = Automatic;
				INFOPLIST_FILE = mauService/Info.plist;
				LD_RUNPATH_SEARCH_PATHS = (
					"$(inherited)",
					"@executable_path/Frameworks",
				);
				PRODUCT_BUNDLE_IDENTIFIER = rodolfo.mauService;
				PRODUCT_NAME = "$(TARGET_NAME)";
				SWIFT_VERSION = 4.0;
				TARGETED_DEVICE_FAMILY = "1,2";
			};
			name = Release;
		};
/* End XCBuildConfiguration section */

/* Begin XCConfigurationList section */
		3A04400720E67CA8001CCA4F /* Build configuration list for PBXProject "mauService" */ = {
			isa = XCConfigurationList;
			buildConfigurations = (
				3A04401C20E67CAA001CCA4F /* Debug */,
				3A04401D20E67CAA001CCA4F /* Release */,
			);
			defaultConfigurationIsVisible = 0;
			defaultConfigurationName = Release;
		};
		3A04401E20E67CAA001CCA4F /* Build configuration list for PBXNativeTarget "mauService" */ = {
			isa = XCConfigurationList;
			buildConfigurations = (
				3A04401F20E67CAA001CCA4F /* Debug */,
				3A04402020E67CAA001CCA4F /* Release */,
			);
			defaultConfigurationIsVisible = 0;
			defaultConfigurationName = Release;
		};
/* End XCConfigurationList section */
	};
	rootObject = 3A04400420E67CA8001CCA4F /* Project object */;
}
